
Microsoft Visual Studio Solution File, Format Version 12.00
# Visual Studio 15
VisualStudioVersion = 15.0.28010.2036
MinimumVisualStudioVersion = 10.0.40219.1
Project("{9A19103F-16F7-4668-BE54-9A1E7A4F7556}") = "P9YS.Web", "P9YS.Web\P9YS.Web.csproj", "{965177F6-F02D-49BA-AE71-9225438CD486}"
	ProjectSection(ProjectDependencies) = postProject
		{FC52C5D0-DFEA-49A7-B294-AB2715044D25} = {FC52C5D0-DFEA-49A7-B294-AB2715044D25}
	EndProjectSection
EndProject
Project("{9A19103F-16F7-4668-BE54-9A1E7A4F7556}") = "P9YS.Services", "P9YS.Services\P9YS.Services.csproj", "{FC52C5D0-DFEA-49A7-B294-AB2715044D25}"
	ProjectSection(ProjectDependencies) = postProject
		{65243689-AF57-41A8-BE4C-3847F057490B} = {65243689-AF57-41A8-BE4C-3847F057490B}
	EndProjectSection
EndProject
Project("{9A19103F-16F7-4668-BE54-9A1E7A4F7556}") = "P9YS.EntityFramework", "P9YS.EntityFramework\P9YS.EntityFramework.csproj", "{65243689-AF57-41A8-BE4C-3847F057490B}"
EndProject
Project("{9A19103F-16F7-4668-BE54-9A1E7A4F7556}") = "P9YS.Common", "P9YS.Common\P9YS.Common.csproj", "{294E6041-74B1-495A-8467-CC20B22A9642}"
EndProject
Project("{9A19103F-16F7-4668-BE54-9A1E7A4F7556}") = "P9YS.Manage", "P9YS.Manage\P9YS.Manage.csproj", "{E200CEF2-6FB6-4763-B8B1-4C003CB74293}"
EndProject
Project("{2150E333-8FDC-42A3-9474-1A3956D46DE8}") = "01 Web", "01 Web", "{9CD08C31-9E1F-4CC2-996F-66594E51EC28}"
EndProject
Project("{2150E333-8FDC-42A3-9474-1A3956D46DE8}") = "03 ThirdPartySDK", "03 ThirdPartySDK", "{D50919C2-2FE4-4004-A9E1-5AB349B8195A}"
EndProject
Project("{9A19103F-16F7-4668-BE54-9A1E7A4F7556}") = "TxCosSDK", "TxCosSDK\TxCosSDK.csproj", "{2428336A-D723-4C6F-981F-A763867A08E3}"
EndProject
Project("{9A19103F-16F7-4668-BE54-9A1E7A4F7556}") = "P9YS.HangfireJobs", "P9YS.HangfireJobs\P9YS.HangfireJobs.csproj", "{03966A83-7EBF-41B7-812F-6FD0F7498208}"
EndProject
Project("{2150E333-8FDC-42A3-9474-1A3956D46DE8}") = "02 Services", "02 Services", "{44370702-684F-49D9-A938-6EB0F9D338D2}"
EndProject
Project("{2150E333-8FDC-42A3-9474-1A3956D46DE8}") = "04 Tests", "04 Tests", "{63357123-72D2-45EC-BD0C-135EF57A1A81}"
EndProject
Project("{FAE04EC0-301F-11D3-BF4B-00C04F79EFBC}") = "P9YS.ServiceTests", "P9YS.ServiceTests\P9YS.ServiceTests.csproj", "{551C5DF3-3BEA-4A16-B61E-E303FDC3B5B2}"
EndProject
Global
	GlobalSection(SolutionConfigurationPlatforms) = preSolution
		Debug|Any CPU = Debug|Any CPU
		Debug|x86 = Debug|x86
		Release|Any CPU = Release|Any CPU
		Release|x86 = Release|x86
	EndGlobalSection
	GlobalSection(ProjectConfigurationPlatforms) = postSolution
		{965177F6-F02D-49BA-AE71-9225438CD486}.Debug|Any CPU.ActiveCfg = Debug|Any CPU
		{965177F6-F02D-49BA-AE71-9225438CD486}.Debug|Any CPU.Build.0 = Debug|Any CPU
		{965177F6-F02D-49BA-AE71-9225438CD486}.Debug|x86.ActiveCfg = Debug|Any CPU
		{965177F6-F02D-49BA-AE71-9225438CD486}.Debug|x86.Build.0 = Debug|Any CPU
		{965177F6-F02D-49BA-AE71-9225438CD486}.Release|Any CPU.ActiveCfg = Release|Any CPU
		{965177F6-F02D-49BA-AE71-9225438CD486}.Release|Any CPU.Build.0 = Release|Any CPU
		{965177F6-F02D-49BA-AE71-9225438CD486}.Release|x86.ActiveCfg = Release|Any CPU
		{965177F6-F02D-49BA-AE71-9225438CD486}.Release|x86.Build.0 = Release|Any CPU
		{FC52C5D0-DFEA-49A7-B294-AB2715044D25}.Debug|Any CPU.ActiveCfg = Debug|Any CPU
		{FC52C5D0-DFEA-49A7-B294-AB2715044D25}.Debug|Any CPU.Build.0 = Debug|Any CPU
		{FC52C5D0-DFEA-49A7-B294-AB2715044D25}.Debug|x86.ActiveCfg = Debug|Any CPU
		{FC52C5D0-DFEA-49A7-B294-AB2715044D25}.Debug|x86.Build.0 = Debug|Any CPU
		{FC52C5D0-DFEA-49A7-B294-AB2715044D25}.Release|Any CPU.ActiveCfg = Release|Any CPU
		{FC52C5D0-DFEA-49A7-B294-AB2715044D25}.Release|Any CPU.Build.0 = Release|Any CPU
		{FC52C5D0-DFEA-49A7-B294-AB2715044D25}.Release|x86.ActiveCfg = Release|Any CPU
		{FC52C5D0-DFEA-49A7-B294-AB2715044D25}.Release|x86.Build.0 = Release|Any CPU
		{65243689-AF57-41A8-BE4C-3847F057490B}.Debug|Any CPU.ActiveCfg = Debug|Any CPU
		{65243689-AF57-41A8-BE4C-3847F057490B}.Debug|Any CPU.Build.0 = Debug|Any CPU
		{65243689-AF57-41A8-BE4C-3847F057490B}.Debug|x86.ActiveCfg = Debug|Any CPU
		{65243689-AF57-41A8-BE4C-3847F057490B}.Debug|x86.Build.0 = Debug|Any CPU
		{65243689-AF57-41A8-BE4C-3847F057490B}.Release|Any CPU.ActiveCfg = Release|Any CPU
		{65243689-AF57-41A8-BE4C-3847F057490B}.Release|Any CPU.Build.0 = Release|Any CPU
		{65243689-AF57-41A8-BE4C-3847F057490B}.Release|x86.ActiveCfg = Release|Any CPU
		{65243689-AF57-41A8-BE4C-3847F057490B}.Release|x86.Build.0 = Release|Any CPU
		{294E6041-74B1-495A-8467-CC20B22A9642}.Debug|Any CPU.ActiveCfg = Debug|Any CPU
		{294E6041-74B1-495A-8467-CC20B22A9642}.Debug|Any CPU.Build.0 = Debug|Any CPU
		{294E6041-74B1-495A-8467-CC20B22A9642}.Debug|x86.ActiveCfg = Debug|Any CPU
		{294E6041-74B1-495A-8467-CC20B22A9642}.Debug|x86.Build.0 = Debug|Any CPU
		{294E6041-74B1-495A-8467-CC20B22A9642}.Release|Any CPU.ActiveCfg = Release|Any CPU
		{294E6041-74B1-495A-8467-CC20B22A9642}.Release|Any CPU.Build.0 = Release|Any CPU
		{294E6041-74B1-495A-8467-CC20B22A9642}.Release|x86.ActiveCfg = Release|Any CPU
		{294E6041-74B1-495A-8467-CC20B22A9642}.Release|x86.Build.0 = Release|Any CPU
		{E200CEF2-6FB6-4763-B8B1-4C003CB74293}.Debug|Any CPU.ActiveCfg = Debug|Any CPU
		{E200CEF2-6FB6-4763-B8B1-4C003CB74293}.Debug|Any CPU.Build.0 = Debug|Any CPU
		{E200CEF2-6FB6-4763-B8B1-4C003CB74293}.Debug|x86.ActiveCfg = Debug|Any CPU
		{E200CEF2-6FB6-4763-B8B1-4C003CB74293}.Debug|x86.Build.0 = Debug|Any CPU
		{E200CEF2-6FB6-4763-B8B1-4C003CB74293}.Release|Any CPU.ActiveCfg = Release|Any CPU
		{E200CEF2-6FB6-4763-B8B1-4C003CB74293}.Release|Any CPU.Build.0 = Release|Any CPU
		{E200CEF2-6FB6-4763-B8B1-4C003CB74293}.Release|x86.ActiveCfg = Release|Any CPU
		{E200CEF2-6FB6-4763-B8B1-4C003CB74293}.Release|x86.Build.0 = Release|Any CPU
		{2428336A-D723-4C6F-981F-A763867A08E3}.Debug|Any CPU.ActiveCfg = Debug|Any CPU
		{2428336A-D723-4C6F-981F-A763867A08E3}.Debug|Any CPU.Build.0 = Debug|Any CPU
		{2428336A-D723-4C6F-981F-A763867A08E3}.Debug|x86.ActiveCfg = Debug|Any CPU
		{2428336A-D723-4C6F-981F-A763867A08E3}.Debug|x86.Build.0 = Debug|Any CPU
		{2428336A-D723-4C6F-981F-A763867A08E3}.Release|Any CPU.ActiveCfg = Release|Any CPU
		{2428336A-D723-4C6F-981F-A763867A08E3}.Release|Any CPU.Build.0 = Release|Any CPU
		{2428336A-D723-4C6F-981F-A763867A08E3}.Release|x86.ActiveCfg = Release|Any CPU
		{2428336A-D723-4C6F-981F-A763867A08E3}.Release|x86.Build.0 = Release|Any CPU
		{03966A83-7EBF-41B7-812F-6FD0F7498208}.Debug|Any CPU.ActiveCfg = Debug|Any CPU
		{03966A83-7EBF-41B7-812F-6FD0F7498208}.Debug|Any CPU.Build.0 = Debug|Any CPU
		{03966A83-7EBF-41B7-812F-6FD0F7498208}.Debug|x86.ActiveCfg = Debug|Any CPU
		{03966A83-7EBF-41B7-812F-6FD0F7498208}.Debug|x86.Build.0 = Debug|Any CPU
		{03966A83-7EBF-41B7-812F-6FD0F7498208}.Release|Any CPU.ActiveCfg = Release|Any CPU
		{03966A83-7EBF-41B7-812F-6FD0F7498208}.Release|Any CPU.Build.0 = Release|Any CPU
		{03966A83-7EBF-41B7-812F-6FD0F7498208}.Release|x86.ActiveCfg = Release|Any CPU
		{03966A83-7EBF-41B7-812F-6FD0F7498208}.Release|x86.Build.0 = Release|Any CPU
		{551C5DF3-3BEA-4A16-B61E-E303FDC3B5B2}.Debug|Any CPU.ActiveCfg = Debug|Any CPU
		{551C5DF3-3BEA-4A16-B61E-E303FDC3B5B2}.Debug|Any CPU.Build.0 = Debug|Any CPU
		{551C5DF3-3BEA-4A16-B61E-E303FDC3B5B2}.Debug|x86.ActiveCfg = Debug|Any CPU
		{551C5DF3-3BEA-4A16-B61E-E303FDC3B5B2}.Debug|x86.Build.0 = Debug|Any CPU
		{551C5DF3-3BEA-4A16-B61E-E303FDC3B5B2}.Release|Any CPU.ActiveCfg = Release|Any CPU
		{551C5DF3-3BEA-4A16-B61E-E303FDC3B5B2}.Release|Any CPU.Build.0 = Release|Any CPU
		{551C5DF3-3BEA-4A16-B61E-E303FDC3B5B2}.Release|x86.ActiveCfg = Release|Any CPU
		{551C5DF3-3BEA-4A16-B61E-E303FDC3B5B2}.Release|x86.Build.0 = Release|Any CPU
	EndGlobalSection
	GlobalSection(SolutionProperties) = preSolution
		HideSolutionNode = FALSE
	EndGlobalSection
	GlobalSection(NestedProjects) = preSolution
		{965177F6-F02D-49BA-AE71-9225438CD486} = {9CD08C31-9E1F-4CC2-996F-66594E51EC28}
		{FC52C5D0-DFEA-49A7-B294-AB2715044D25} = {44370702-684F-49D9-A938-6EB0F9D338D2}
		{E200CEF2-6FB6-4763-B8B1-4C003CB74293} = {9CD08C31-9E1F-4CC2-996F-66594E51EC28}
		{2428336A-D723-4C6F-981F-A763867A08E3} = {D50919C2-2FE4-4004-A9E1-5AB349B8195A}
		{03966A83-7EBF-41B7-812F-6FD0F7498208} = {44370702-684F-49D9-A938-6EB0F9D338D2}
		{551C5DF3-3BEA-4A16-B61E-E303FDC3B5B2} = {63357123-72D2-45EC-BD0C-135EF57A1A81}
	EndGlobalSection
	GlobalSection(ExtensibilityGlobals) = postSolution
		SolutionGuid = {F75AB443-FF9B-4CDF-8D38-C4EF33739880}
	EndGlobalSection
EndGlobal
